
Microsoft Visual Studio Solution File, Format Version 12.00
# Visual Studio Version 16
VisualStudioVersion = 16.0.31410.357
MinimumVisualStudioVersion = 10.0.40219.1
Project("{FAE04EC0-301F-11D3-BF4B-00C04F79EFBC}") = "Giphy", "Giphy\Giphy.csproj", "{ECC06F8E-35A8-425E-BE17-7AD559E36432}"
EndProject
Global
	GlobalSection(SolutionConfigurationPlatforms) = preSolution
		Debug|Any CPU = Debug|Any CPU
		Release|Any CPU = Release|Any CPU
	EndGlobalSection
	GlobalSection(ProjectConfigurationPlatforms) = postSolution
		{ECC06F8E-35A8-425E-BE17-7AD559E36432}.Debug|Any CPU.ActiveCfg = Debug|Any CPU
		{ECC06F8E-35A8-425E-BE17-7AD559E36432}.Debug|Any CPU.Build.0 = Debug|Any CPU
		{ECC06F8E-35A8-425E-BE17-7AD559E36432}.Release|Any CPU.ActiveCfg = Release|Any CPU
		{ECC06F8E-35A8-425E-BE17-7AD559E36432}.Release|Any CPU.Build.0 = Release|Any CPU
	EndGlobalSection
	GlobalSection(SolutionProperties) = preSolution
		HideSolutionNode = FALSE
	EndGlobalSection
	GlobalSection(ExtensibilityGlobals) = postSolution
		SolutionGuid = {4EB14AC7-150E-4D7E-8C91-8472803B38A7}
	EndGlobalSection
EndGlobal
